
Microsoft Visual Studio Solution File, Format Version 12.00
# Visual Studio Version 17
VisualStudioVersion = 17.1.32210.238
MinimumVisualStudioVersion = 10.0.40219.1
Project("{FAE04EC0-301F-11D3-BF4B-00C04F79EFBC}") = "JocDameMarinIL", "JocDameMarinIL\JocDameMarinIL.csproj", "{5E7760BB-A0D1-4E4E-8CA0-C283A9FEE4D1}"
EndProject
Global
	GlobalSection(SolutionConfigurationPlatforms) = preSolution
		Debug|Any CPU = Debug|Any CPU
		Release|Any CPU = Release|Any CPU
	EndGlobalSection
	GlobalSection(ProjectConfigurationPlatforms) = postSolution
		{5E7760BB-A0D1-4E4E-8CA0-C283A9FEE4D1}.Debug|Any CPU.ActiveCfg = Debug|Any CPU
		{5E7760BB-A0D1-4E4E-8CA0-C283A9FEE4D1}.Debug|Any CPU.Build.0 = Debug|Any CPU
		{5E7760BB-A0D1-4E4E-8CA0-C283A9FEE4D1}.Release|Any CPU.ActiveCfg = Release|Any CPU
		{5E7760BB-A0D1-4E4E-8CA0-C283A9FEE4D1}.Release|Any CPU.Build.0 = Release|Any CPU
	EndGlobalSection
	GlobalSection(SolutionProperties) = preSolution
		HideSolutionNode = FALSE
	EndGlobalSection
	GlobalSection(ExtensibilityGlobals) = postSolution
		SolutionGuid = {0CE3CEE0-354B-4D4D-B17C-7C03CDD43D0F}
	EndGlobalSection
EndGlobal
